
Microsoft Visual Studio Solution File, Format Version 12.00
# Visual Studio Version 17
VisualStudioVersion = 17.4.33122.133
MinimumVisualStudioVersion = 10.0.40219.1
Project("{FAE04EC0-301F-11D3-BF4B-00C04F79EFBC}") = "oel2", "oel2\oel2.csproj", "{65D6374F-7A4E-4778-AE72-DB9D76F0369D}"
EndProject
Global
	GlobalSection(SolutionConfigurationPlatforms) = preSolution
		Debug|Any CPU = Debug|Any CPU
		Release|Any CPU = Release|Any CPU
	EndGlobalSection
	GlobalSection(ProjectConfigurationPlatforms) = postSolution
		{65D6374F-7A4E-4778-AE72-DB9D76F0369D}.Debug|Any CPU.ActiveCfg = Debug|Any CPU
		{65D6374F-7A4E-4778-AE72-DB9D76F0369D}.Debug|Any CPU.Build.0 = Debug|Any CPU
		{65D6374F-7A4E-4778-AE72-DB9D76F0369D}.Release|Any CPU.ActiveCfg = Release|Any CPU
		{65D6374F-7A4E-4778-AE72-DB9D76F0369D}.Release|Any CPU.Build.0 = Release|Any CPU
	EndGlobalSection
	GlobalSection(SolutionProperties) = preSolution
		HideSolutionNode = FALSE
	EndGlobalSection
	GlobalSection(ExtensibilityGlobals) = postSolution
		SolutionGuid = {795139A7-AA45-41AE-A5D1-90D0B19207B7}
	EndGlobalSection
EndGlobal
